// !$*UTF8*$!
{
	archiveVersion = 1;
	classes = {
	};
	objectVersion = 56;
	objects = {

/* Begin PBXBuildFile section */
		889D6F2B2AF095A000AB613E /* therapose23App.swift in Sources */ = {isa = PBXBuildFile; fileRef = 889D6F2A2AF095A000AB613E /* therapose23App.swift */; };
		889D6F2D2AF095A000AB613E /* ContentView.swift in Sources */ = {isa = PBXBuildFile; fileRef = 889D6F2C2AF095A000AB613E /* ContentView.swift */; };
		889D6F2F2AF095A100AB613E /* Assets.xcassets in Resources */ = {isa = PBXBuildFile; fileRef = 889D6F2E2AF095A100AB613E /* Assets.xcassets */; };
		889D6F322AF095A100AB613E /* Preview Assets.xcassets in Resources */ = {isa = PBXBuildFile; fileRef = 889D6F312AF095A100AB613E /* Preview Assets.xcassets */; };
		889D6F3C2AF095A100AB613E /* therapose23Tests.swift in Sources */ = {isa = PBXBuildFile; fileRef = 889D6F3B2AF095A100AB613E /* therapose23Tests.swift */; };
		889D6F462AF095A100AB613E /* therapose23UITests.swift in Sources */ = {isa = PBXBuildFile; fileRef = 889D6F452AF095A100AB613E /* therapose23UITests.swift */; };
		889D6F482AF095A100AB613E /* therapose23UITestsLaunchTests.swift in Sources */ = {isa = PBXBuildFile; fileRef = 889D6F472AF095A100AB613E /* therapose23UITestsLaunchTests.swift */; };
/* End PBXBuildFile section */

/* Begin PBXContainerItemProxy section */
		889D6F382AF095A100AB613E /* PBXContainerItemProxy */ = {
			isa = PBXContainerItemProxy;
			containerPortal = 889D6F1F2AF095A000AB613E /* Project object */;
			proxyType = 1;
			remoteGlobalIDString = 889D6F262AF095A000AB613E;
			remoteInfo = therapose23;
		};
		889D6F422AF095A100AB613E /* PBXContainerItemProxy */ = {
			isa = PBXContainerItemProxy;
			containerPortal = 889D6F1F2AF095A000AB613E /* Project object */;
			proxyType = 1;
			remoteGlobalIDString = 889D6F262AF095A000AB613E;
			remoteInfo = therapose23;
		};
/* End PBXContainerItemProxy section */

/* Begin PBXFileReference section */
		889D6F272AF095A000AB613E /* therapose23.app */ = {isa = PBXFileReference; explicitFileType = wrapper.application; includeInIndex = 0; path = therapose23.app; sourceTree = BUILT_PRODUCTS_DIR; };
		889D6F2A2AF095A000AB613E /* therapose23App.swift */ = {isa = PBXFileReference; lastKnownFileType = sourcecode.swift; path = therapose23App.swift; sourceTree = "<group>"; };
		889D6F2C2AF095A000AB613E /* ContentView.swift */ = {isa = PBXFileReference; lastKnownFileType = sourcecode.swift; path = ContentView.swift; sourceTree = "<group>"; };
		889D6F2E2AF095A100AB613E /* Assets.xcassets */ = {isa = PBXFileReference; lastKnownFileType = folder.assetcatalog; path = Assets.xcassets; sourceTree = "<group>"; };
		889D6F312AF095A100AB613E /* Preview Assets.xcassets */ = {isa = PBXFileReference; lastKnownFileType = folder.assetcatalog; path = "Preview Assets.xcassets"; sourceTree = "<group>"; };
		889D6F372AF095A100AB613E /* therapose23Tests.xctest */ = {isa = PBXFileReference; explicitFileType = wrapper.cfbundle; includeInIndex = 0; path = therapose23Tests.xctest; sourceTree = BUILT_PRODUCTS_DIR; };
		889D6F3B2AF095A100AB613E /* therapose23Tests.swift */ = {isa = PBXFileReference; lastKnownFileType = sourcecode.swift; path = therapose23Tests.swift; sourceTree = "<group>"; };
		889D6F412AF095A100AB613E /* therapose23UITests.xctest */ = {isa = PBXFileReference; explicitFileType = wrapper.cfbundle; includeInIndex = 0; path = therapose23UITests.xctest; sourceTree = BUILT_PRODUCTS_DIR; };
		889D6F452AF095A100AB613E /* therapose23UITests.swift */ = {isa = PBXFileReference; lastKnownFileType = sourcecode.swift; path = therapose23UITests.swift; sourceTree = "<group>"; };
		889D6F472AF095A100AB613E /* therapose23UITestsLaunchTests.swift */ = {isa = PBXFileReference; lastKnownFileType = sourcecode.swift; path = therapose23UITestsLaunchTests.swift; sourceTree = "<group>"; };
/* End PBXFileReference section */

/* Begin PBXFrameworksBuildPhase section */
		889D6F242AF095A000AB613E /* Frameworks */ = {
			isa = PBXFrameworksBuildPhase;
			buildActionMask = 2147483647;
			files = (
			);
			runOnlyForDeploymentPostprocessing = 0;
		};
		889D6F342AF095A100AB613E /* Frameworks */ = {
			isa = PBXFrameworksBuildPhase;
			buildActionMask = 2147483647;
			files = (
			);
			runOnlyForDeploymentPostprocessing = 0;
		};
		889D6F3E2AF095A100AB613E /* Frameworks */ = {
			isa = PBXFrameworksBuildPhase;
			buildActionMask = 2147483647;
			files = (
			);
			runOnlyForDeploymentPostprocessing = 0;
		};
/* End PBXFrameworksBuildPhase section */

/* Begin PBXGroup section */
		889D6F1E2AF095A000AB613E = {
			isa = PBXGroup;
			children = (
				889D6F292AF095A000AB613E /* therapose23 */,
				889D6F3A2AF095A100AB613E /* therapose23Tests */,
				889D6F442AF095A100AB613E /* therapose23UITests */,
				889D6F282AF095A000AB613E /* Products */,
			);
			sourceTree = "<group>";
		};
		889D6F282AF095A000AB613E /* Products */ = {
			isa = PBXGroup;
			children = (
				889D6F272AF095A000AB613E /* therapose23.app */,
				889D6F372AF095A100AB613E /* therapose23Tests.xctest */,
				889D6F412AF095A100AB613E /* therapose23UITests.xctest */,
			);
			name = Products;
			sourceTree = "<group>";
		};
		889D6F292AF095A000AB613E /* therapose23 */ = {
			isa = PBXGroup;
			children = (
				889D6F2A2AF095A000AB613E /* therapose23App.swift */,
				889D6F2C2AF095A000AB613E /* ContentView.swift */,
				889D6F2E2AF095A100AB613E /* Assets.xcassets */,
				889D6F302AF095A100AB613E /* Preview Content */,
			);
			path = therapose23;
			sourceTree = "<group>";
		};
		889D6F302AF095A100AB613E /* Preview Content */ = {
			isa = PBXGroup;
			children = (
				889D6F312AF095A100AB613E /* Preview Assets.xcassets */,
			);
			path = "Preview Content";
			sourceTree = "<group>";
		};
		889D6F3A2AF095A100AB613E /* therapose23Tests */ = {
			isa = PBXGroup;
			children = (
				889D6F3B2AF095A100AB613E /* therapose23Tests.swift */,
			);
			path = therapose23Tests;
			sourceTree = "<group>";
		};
		889D6F442AF095A100AB613E /* therapose23UITests */ = {
			isa = PBXGroup;
			children = (
				889D6F452AF095A100AB613E /* therapose23UITests.swift */,
				889D6F472AF095A100AB613E /* therapose23UITestsLaunchTests.swift */,
			);
			path = therapose23UITests;
			sourceTree = "<group>";
		};
/* End PBXGroup section */

/* Begin PBXNativeTarget section */
		889D6F262AF095A000AB613E /* therapose23 */ = {
			isa = PBXNativeTarget;
			buildConfigurationList = 889D6F4B2AF095A100AB613E /* Build configuration list for PBXNativeTarget "therapose23" */;
			buildPhases = (
				889D6F232AF095A000AB613E /* Sources */,
				889D6F242AF095A000AB613E /* Frameworks */,
				889D6F252AF095A000AB613E /* Resources */,
			);
			buildRules = (
			);
			dependencies = (
			);
			name = therapose23;
			productName = therapose23;
			productReference = 889D6F272AF095A000AB613E /* therapose23.app */;
			productType = "com.apple.product-type.application";
		};
		889D6F362AF095A100AB613E /* therapose23Tests */ = {
			isa = PBXNativeTarget;
			buildConfigurationList = 889D6F4E2AF095A100AB613E /* Build configuration list for PBXNativeTarget "therapose23Tests" */;
			buildPhases = (
				889D6F332AF095A100AB613E /* Sources */,
				889D6F342AF095A100AB613E /* Frameworks */,
				889D6F352AF095A100AB613E /* Resources */,
			);
			buildRules = (
			);
			dependencies = (
				889D6F392AF095A100AB613E /* PBXTargetDependency */,
			);
			name = therapose23Tests;
			productName = therapose23Tests;
			productReference = 889D6F372AF095A100AB613E /* therapose23Tests.xctest */;
			productType = "com.apple.product-type.bundle.unit-test";
		};
		889D6F402AF095A100AB613E /* therapose23UITests */ = {
			isa = PBXNativeTarget;
			buildConfigurationList = 889D6F512AF095A100AB613E /* Build configuration list for PBXNativeTarget "therapose23UITests" */;
			buildPhases = (
				889D6F3D2AF095A100AB613E /* Sources */,
				889D6F3E2AF095A100AB613E /* Frameworks */,
				889D6F3F2AF095A100AB613E /* Resources */,
			);
			buildRules = (
			);
			dependencies = (
				889D6F432AF095A100AB613E /* PBXTargetDependency */,
			);
			name = therapose23UITests;
			productName = therapose23UITests;
			productReference = 889D6F412AF095A100AB613E /* therapose23UITests.xctest */;
			productType = "com.apple.product-type.bundle.ui-testing";
		};
/* End PBXNativeTarget section */

/* Begin PBXProject section */
		889D6F1F2AF095A000AB613E /* Project object */ = {
			isa = PBXProject;
			attributes = {
				BuildIndependentTargetsInParallel = 1;
				LastSwiftUpdateCheck = 1420;
				LastUpgradeCheck = 1420;
				TargetAttributes = {
					889D6F262AF095A000AB613E = {
						CreatedOnToolsVersion = 14.2;
					};
					889D6F362AF095A100AB613E = {
						CreatedOnToolsVersion = 14.2;
						TestTargetID = 889D6F262AF095A000AB613E;
					};
					889D6F402AF095A100AB613E = {
						CreatedOnToolsVersion = 14.2;
						TestTargetID = 889D6F262AF095A000AB613E;
					};
				};
			};
			buildConfigurationList = 889D6F222AF095A000AB613E /* Build configuration list for PBXProject "therapose23" */;
			compatibilityVersion = "Xcode 14.0";
			developmentRegion = en;
			hasScannedForEncodings = 0;
			knownRegions = (
				en,
				Base,
			);
			mainGroup = 889D6F1E2AF095A000AB613E;
			productRefGroup = 889D6F282AF095A000AB613E /* Products */;
			projectDirPath = "";
			projectRoot = "";
			targets = (
				889D6F262AF095A000AB613E /* therapose23 */,
				889D6F362AF095A100AB613E /* therapose23Tests */,
				889D6F402AF095A100AB613E /* therapose23UITests */,
			);
		};
/* End PBXProject section */

/* Begin PBXResourcesBuildPhase section */
		889D6F252AF095A000AB613E /* Resources */ = {
			isa = PBXResourcesBuildPhase;
			buildActionMask = 2147483647;
			files = (
				889D6F322AF095A100AB613E /* Preview Assets.xcassets in Resources */,
				889D6F2F2AF095A100AB613E /* Assets.xcassets in Resources */,
			);
			runOnlyForDeploymentPostprocessing = 0;
		};
		889D6F352AF095A100AB613E /* Resources */ = {
			isa = PBXResourcesBuildPhase;
			buildActionMask = 2147483647;
			files = (
			);
			runOnlyForDeploymentPostprocessing = 0;
		};
		889D6F3F2AF095A100AB613E /* Resources */ = {
			isa = PBXResourcesBuildPhase;
			buildActionMask = 2147483647;
			files = (
			);
			runOnlyForDeploymentPostprocessing = 0;
		};
/* End PBXResourcesBuildPhase section */

/* Begin PBXSourcesBuildPhase section */
		889D6F232AF095A000AB613E /* Sources */ = {
			isa = PBXSourcesBuildPhase;
			buildActionMask = 2147483647;
			files = (
				889D6F2D2AF095A000AB613E /* ContentView.swift in Sources */,
				889D6F2B2AF095A000AB613E /* therapose23App.swift in Sources */,
			);
			runOnlyForDeploymentPostprocessing = 0;
		};
		889D6F332AF095A100AB613E /* Sources */ = {
			isa = PBXSourcesBuildPhase;
			buildActionMask = 2147483647;
			files = (
				889D6F3C2AF095A100AB613E /* therapose23Tests.swift in Sources */,
			);
			runOnlyForDeploymentPostprocessing = 0;
		};
		889D6F3D2AF095A100AB613E /* Sources */ = {
			isa = PBXSourcesBuildPhase;
			buildActionMask = 2147483647;
			files = (
				889D6F462AF095A100AB613E /* therapose23UITests.swift in Sources */,
				889D6F482AF095A100AB613E /* therapose23UITestsLaunchTests.swift in Sources */,
			);
			runOnlyForDeploymentPostprocessing = 0;
		};
/* End PBXSourcesBuildPhase section */

/* Begin PBXTargetDependency section */
		889D6F392AF095A100AB613E /* PBXTargetDependency */ = {
			isa = PBXTargetDependency;
			target = 889D6F262AF095A000AB613E /* therapose23 */;
			targetProxy = 889D6F382AF095A100AB613E /* PBXContainerItemProxy */;
		};
		889D6F432AF095A100AB613E /* PBXTargetDependency */ = {
			isa = PBXTargetDependency;
			target = 889D6F262AF095A000AB613E /* therapose23 */;
			targetProxy = 889D6F422AF095A100AB613E /* PBXContainerItemProxy */;
		};
/* End PBXTargetDependency section */

/* Begin XCBuildConfiguration section */
		889D6F492AF095A100AB613E /* Debug */ = {
			isa = XCBuildConfiguration;
			buildSettings = {
				ALWAYS_SEARCH_USER_PATHS = NO;
				CLANG_ANALYZER_NONNULL = YES;
				CLANG_ANALYZER_NUMBER_OBJECT_CONVERSION = YES_AGGRESSIVE;
				CLANG_CXX_LANGUAGE_STANDARD = "gnu++20";
				CLANG_ENABLE_MODULES = YES;
				CLANG_ENABLE_OBJC_ARC = YES;
				CLANG_ENABLE_OBJC_WEAK = YES;
				CLANG_WARN_BLOCK_CAPTURE_AUTORELEASING = YES;
				CLANG_WARN_BOOL_CONVERSION = YES;
				CLANG_WARN_COMMA = YES;
				CLANG_WARN_CONSTANT_CONVERSION = YES;
				CLANG_WARN_DEPRECATED_OBJC_IMPLEMENTATIONS = YES;
				CLANG_WARN_DIRECT_OBJC_ISA_USAGE = YES_ERROR;
				CLANG_WARN_DOCUMENTATION_COMMENTS = YES;
				CLANG_WARN_EMPTY_BODY = YES;
				CLANG_WARN_ENUM_CONVERSION = YES;
				CLANG_WARN_INFINITE_RECURSION = YES;
				CLANG_WARN_INT_CONVERSION = YES;
				CLANG_WARN_NON_LITERAL_NULL_CONVERSION = YES;
				CLANG_WARN_OBJC_IMPLICIT_RETAIN_SELF = YES;
				CLANG_WARN_OBJC_LITERAL_CONVERSION = YES;
				CLANG_WARN_OBJC_ROOT_CLASS = YES_ERROR;
				CLANG_WARN_QUOTED_INCLUDE_IN_FRAMEWORK_HEADER = YES;
				CLANG_WARN_RANGE_LOOP_ANALYSIS = YES;
				CLANG_WARN_STRICT_PROTOTYPES = YES;
				CLANG_WARN_SUSPICIOUS_MOVE = YES;
				CLANG_WARN_UNGUARDED_AVAILABILITY = YES_AGGRESSIVE;
				CLANG_WARN_UNREACHABLE_CODE = YES;
				CLANG_WARN__DUPLICATE_METHOD_MATCH = YES;
				COPY_PHASE_STRIP = NO;
				DEBUG_INFORMATION_FORMAT = dwarf;
				ENABLE_STRICT_OBJC_MSGSEND = YES;
				ENABLE_TESTABILITY = YES;
				GCC_C_LANGUAGE_STANDARD = gnu11;
				GCC_DYNAMIC_NO_PIC = NO;
				GCC_NO_COMMON_BLOCKS = YES;
				GCC_OPTIMIZATION_LEVEL = 0;
				GCC_PREPROCESSOR_DEFINITIONS = (
					"DEBUG=1",
					"$(inherited)",
				);
				GCC_WARN_64_TO_32_BIT_CONVERSION = YES;
				GCC_WARN_ABOUT_RETURN_TYPE = YES_ERROR;
				GCC_WARN_UNDECLARED_SELECTOR = YES;
				GCC_WARN_UNINITIALIZED_AUTOS = YES_AGGRESSIVE;
				GCC_WARN_UNUSED_FUNCTION = YES;
				GCC_WARN_UNUSED_VARIABLE = YES;
				IPHONEOS_DEPLOYMENT_TARGET = 16.2;
				MTL_ENABLE_DEBUG_INFO = INCLUDE_SOURCE;
				MTL_FAST_MATH = YES;
				ONLY_ACTIVE_ARCH = YES;
				SDKROOT = iphoneos;
				SWIFT_ACTIVE_COMPILATION_CONDITIONS = DEBUG;
				SWIFT_OPTIMIZATION_LEVEL = "-Onone";
			};
			name = Debug;
		};
		889D6F4A2AF095A100AB613E /* Release */ = {
			isa = XCBuildConfiguration;
			buildSettings = {
				ALWAYS_SEARCH_USER_PATHS = NO;
				CLANG_ANALYZER_NONNULL = YES;
				CLANG_ANALYZER_NUMBER_OBJECT_CONVERSION = YES_AGGRESSIVE;
				CLANG_CXX_LANGUAGE_STANDARD = "gnu++20";
				CLANG_ENABLE_MODULES = YES;
				CLANG_ENABLE_OBJC_ARC = YES;
				CLANG_ENABLE_OBJC_WEAK = YES;
				CLANG_WARN_BLOCK_CAPTURE_AUTORELEASING = YES;
				CLANG_WARN_BOOL_CONVERSION = YES;
				CLANG_WARN_COMMA = YES;
				CLANG_WARN_CONSTANT_CONVERSION = YES;
				CLANG_WARN_DEPRECATED_OBJC_IMPLEMENTATIONS = YES;
				CLANG_WARN_DIRECT_OBJC_ISA_USAGE = YES_ERROR;
				CLANG_WARN_DOCUMENTATION_COMMENTS = YES;
				CLANG_WARN_EMPTY_BODY = YES;
				CLANG_WARN_ENUM_CONVERSION = YES;
				CLANG_WARN_INFINITE_RECURSION = YES;
				CLANG_WARN_INT_CONVERSION = YES;
				CLANG_WARN_NON_LITERAL_NULL_CONVERSION = YES;
				CLANG_WARN_OBJC_IMPLICIT_RETAIN_SELF = YES;
				CLANG_WARN_OBJC_LITERAL_CONVERSION = YES;
				CLANG_WARN_OBJC_ROOT_CLASS = YES_ERROR;
				CLANG_WARN_QUOTED_INCLUDE_IN_FRAMEWORK_HEADER = YES;
				CLANG_WARN_RANGE_LOOP_ANALYSIS = YES;
				CLANG_WARN_STRICT_PROTOTYPES = YES;
				CLANG_WARN_SUSPICIOUS_MOVE = YES;
				CLANG_WARN_UNGUARDED_AVAILABILITY = YES_AGGRESSIVE;
				CLANG_WARN_UNREACHABLE_CODE = YES;
				CLANG_WARN__DUPLICATE_METHOD_MATCH = YES;
				COPY_PHASE_STRIP = NO;
				DEBUG_INFORMATION_FORMAT = "dwarf-with-dsym";
				ENABLE_NS_ASSERTIONS = NO;
				ENABLE_STRICT_OBJC_MSGSEND = YES;
				GCC_C_LANGUAGE_STANDARD = gnu11;
				GCC_NO_COMMON_BLOCKS = YES;
				GCC_WARN_64_TO_32_BIT_CONVERSION = YES;
				GCC_WARN_ABOUT_RETURN_TYPE = YES_ERROR;
				GCC_WARN_UNDECLARED_SELECTOR = YES;
				GCC_WARN_UNINITIALIZED_AUTOS = YES_AGGRESSIVE;
				GCC_WARN_UNUSED_FUNCTION = YES;
				GCC_WARN_UNUSED_VARIABLE = YES;
				IPHONEOS_DEPLOYMENT_TARGET = 16.2;
				MTL_ENABLE_DEBUG_INFO = NO;
				MTL_FAST_MATH = YES;
				SDKROOT = iphoneos;
				SWIFT_COMPILATION_MODE = wholemodule;
				SWIFT_OPTIMIZATION_LEVEL = "-O";
				VALIDATE_PRODUCT = YES;
			};
			name = Release;
		};
		889D6F4C2AF095A100AB613E /* Debug */ = {
			isa = XCBuildConfiguration;
			buildSettings = {
				ASSETCATALOG_COMPILER_APPICON_NAME = AppIcon;
				ASSETCATALOG_COMPILER_GLOBAL_ACCENT_COLOR_NAME = AccentColor;
				CODE_SIGN_STYLE = Automatic;
				CURRENT_PROJECT_VERSION = 1;
				DEVELOPMENT_ASSET_PATHS = "\"therapose23/Preview Content\"";
				ENABLE_PREVIEWS = YES;
				GENERATE_INFOPLIST_FILE = YES;
				INFOPLIST_KEY_UIApplicationSceneManifest_Generation = YES;
				INFOPLIST_KEY_UIApplicationSupportsIndirectInputEvents = YES;
				INFOPLIST_KEY_UILaunchScreen_Generation = YES;
				INFOPLIST_KEY_UISupportedInterfaceOrientations_iPad = "UIInterfaceOrientationPortrait UIInterfaceOrientationPortraitUpsideDown UIInterfaceOrientationLandscapeLeft UIInterfaceOrientationLandscapeRight";
				INFOPLIST_KEY_UISupportedInterfaceOrientations_iPhone = "UIInterfaceOrientationPortrait UIInterfaceOrientationLandscapeLeft UIInterfaceOrientationLandscapeRight";
				LD_RUNPATH_SEARCH_PATHS = (
					"$(inherited)",
					"@executable_path/Frameworks",
				);
				MARKETING_VERSION = 1.0;
				PRODUCT_BUNDLE_IDENTIFIER = cac23.therapose23;
				PRODUCT_NAME = "$(TARGET_NAME)";
				SWIFT_EMIT_LOC_STRINGS = YES;
				SWIFT_VERSION = 5.0;
				TARGETED_DEVICE_FAMILY = "1,2";
			};
			name = Debug;
		};
		889D6F4D2AF095A100AB613E /* Release */ = {
			isa = XCBuildConfiguration;
			buildSettings = {
				ASSETCATALOG_COMPILER_APPICON_NAME = AppIcon;
				ASSETCATALOG_COMPILER_GLOBAL_ACCENT_COLOR_NAME = AccentColor;
				CODE_SIGN_STYLE = Automatic;
				CURRENT_PROJECT_VERSION = 1;
				DEVELOPMENT_ASSET_PATHS = "\"therapose23/Preview Content\"";
				ENABLE_PREVIEWS = YES;
				GENERATE_INFOPLIST_FILE = YES;
				INFOPLIST_KEY_UIApplicationSceneManifest_Generation = YES;
				INFOPLIST_KEY_UIApplicationSupportsIndirectInputEvents = YES;
				INFOPLIST_KEY_UILaunchScreen_Generation = YES;
				INFOPLIST_KEY_UISupportedInterfaceOrientations_iPad = "UIInterfaceOrientationPortrait UIInterfaceOrientationPortraitUpsideDown UIInterfaceOrientationLandscapeLeft UIInterfaceOrientationLandscapeRight";
				INFOPLIST_KEY_UISupportedInterfaceOrientations_iPhone = "UIInterfaceOrientationPortrait UIInterfaceOrientationLandscapeLeft UIInterfaceOrientationLandscapeRight";
				LD_RUNPATH_SEARCH_PATHS = (
					"$(inherited)",
					"@executable_path/Frameworks",
				);
				MARKETING_VERSION = 1.0;
				PRODUCT_BUNDLE_IDENTIFIER = cac23.therapose23;
				PRODUCT_NAME = "$(TARGET_NAME)";
				SWIFT_EMIT_LOC_STRINGS = YES;
				SWIFT_VERSION = 5.0;
				TARGETED_DEVICE_FAMILY = "1,2";
			};
			name = Release;
		};
		889D6F4F2AF095A100AB613E /* Debug */ = {
			isa = XCBuildConfiguration;
			buildSettings = {
				ALWAYS_EMBED_SWIFT_STANDARD_LIBRARIES = YES;
				BUNDLE_LOADER = "$(TEST_HOST)";
				CODE_SIGN_STYLE = Automatic;
				CURRENT_PROJECT_VERSION = 1;
				GENERATE_INFOPLIST_FILE = YES;
				IPHONEOS_DEPLOYMENT_TARGET = 16.2;
				MARKETING_VERSION = 1.0;
				PRODUCT_BUNDLE_IDENTIFIER = cac23.therapose23Tests;
				PRODUCT_NAME = "$(TARGET_NAME)";
				SWIFT_EMIT_LOC_STRINGS = NO;
				SWIFT_VERSION = 5.0;
				TARGETED_DEVICE_FAMILY = "1,2";
				TEST_HOST = "$(BUILT_PRODUCTS_DIR)/therapose23.app/$(BUNDLE_EXECUTABLE_FOLDER_PATH)/therapose23";
			};
			name = Debug;
		};
		889D6F502AF095A100AB613E /* Release */ = {
			isa = XCBuildConfiguration;
			buildSettings = {
				ALWAYS_EMBED_SWIFT_STANDARD_LIBRARIES = YES;
				BUNDLE_LOADER = "$(TEST_HOST)";
				CODE_SIGN_STYLE = Automatic;
				CURRENT_PROJECT_VERSION = 1;
				GENERATE_INFOPLIST_FILE = YES;
				IPHONEOS_DEPLOYMENT_TARGET = 16.2;
				MARKETING_VERSION = 1.0;
				PRODUCT_BUNDLE_IDENTIFIER = cac23.therapose23Tests;
				PRODUCT_NAME = "$(TARGET_NAME)";
				SWIFT_EMIT_LOC_STRINGS = NO;
				SWIFT_VERSION = 5.0;
				TARGETED_DEVICE_FAMILY = "1,2";
				TEST_HOST = "$(BUILT_PRODUCTS_DIR)/therapose23.app/$(BUNDLE_EXECUTABLE_FOLDER_PATH)/therapose23";
			};
			name = Release;
		};
		889D6F522AF095A100AB613E /* Debug */ = {
			isa = XCBuildConfiguration;
			buildSettings = {
				ALWAYS_EMBED_SWIFT_STANDARD_LIBRARIES = YES;
				CODE_SIGN_STYLE = Automatic;
				CURRENT_PROJECT_VERSION = 1;
				GENERATE_INFOPLIST_FILE = YES;
				MARKETING_VERSION = 1.0;
				PRODUCT_BUNDLE_IDENTIFIER = cac23.therapose23UITests;
				PRODUCT_NAME = "$(TARGET_NAME)";
				SWIFT_EMIT_LOC_STRINGS = NO;
				SWIFT_VERSION = 5.0;
				TARGETED_DEVICE_FAMILY = "1,2";
				TEST_TARGET_NAME = therapose23;
			};
			name = Debug;
		};
		889D6F532AF095A100AB613E /* Release */ = {
			isa = XCBuildConfiguration;
			buildSettings = {
				ALWAYS_EMBED_SWIFT_STANDARD_LIBRARIES = YES;
				CODE_SIGN_STYLE = Automatic;
				CURRENT_PROJECT_VERSION = 1;
				GENERATE_INFOPLIST_FILE = YES;
				MARKETING_VERSION = 1.0;
				PRODUCT_BUNDLE_IDENTIFIER = cac23.therapose23UITests;
				PRODUCT_NAME = "$(TARGET_NAME)";
				SWIFT_EMIT_LOC_STRINGS = NO;
				SWIFT_VERSION = 5.0;
				TARGETED_DEVICE_FAMILY = "1,2";
				TEST_TARGET_NAME = therapose23;
			};
			name = Release;
		};
/* End XCBuildConfiguration section */

/* Begin XCConfigurationList section */
		889D6F222AF095A000AB613E /* Build configuration list for PBXProject "therapose23" */ = {
			isa = XCConfigurationList;
			buildConfigurations = (
				889D6F492AF095A100AB613E /* Debug */,
				889D6F4A2AF095A100AB613E /* Release */,
			);
			defaultConfigurationIsVisible = 0;
			defaultConfigurationName = Release;
		};
		889D6F4B2AF095A100AB613E /* Build configuration list for PBXNativeTarget "therapose23" */ = {
			isa = XCConfigurationList;
			buildConfigurations = (
				889D6F4C2AF095A100AB613E /* Debug */,
				889D6F4D2AF095A100AB613E /* Release */,
			);
			defaultConfigurationIsVisible = 0;
			defaultConfigurationName = Release;
		};
		889D6F4E2AF095A100AB613E /* Build configuration list for PBXNativeTarget "therapose23Tests" */ = {
			isa = XCConfigurationList;
			buildConfigurations = (
				889D6F4F2AF095A100AB613E /* Debug */,
				889D6F502AF095A100AB613E /* Release */,
			);
			defaultConfigurationIsVisible = 0;
			defaultConfigurationName = Release;
		};
		889D6F512AF095A100AB613E /* Build configuration list for PBXNativeTarget "therapose23UITests" */ = {
			isa = XCConfigurationList;
			buildConfigurations = (
				889D6F522AF095A100AB613E /* Debug */,
				889D6F532AF095A100AB613E /* Release */,
			);
			defaultConfigurationIsVisible = 0;
			defaultConfigurationName = Release;
		};
/* End XCConfigurationList section */
	};
	rootObject = 889D6F1F2AF095A000AB613E /* Project object */;
}
